// !$*UTF8*$!
{
	archiveVersion = 1;
	classes = {
	};
	objectVersion = 56;
	objects = {

/* Begin PBXBuildFile section */
		A1000001232323230001 /* EsDimKidApp.swift in Sources */ = {isa = PBXBuildFile; fileRef = A1000002232323230001 /* EsDimKidApp.swift */; };
		A1000003232323230001 /* AppDelegate.swift in Sources */ = {isa = PBXBuildFile; fileRef = A1000004232323230001 /* AppDelegate.swift */; };
		A1000005232323230001 /* DimmingManager.swift in Sources */ = {isa = PBXBuildFile; fileRef = A1000006232323230001 /* DimmingManager.swift */; };
		A1000007232323230001 /* WindowObserver.swift in Sources */ = {isa = PBXBuildFile; fileRef = A1000008232323230001 /* WindowObserver.swift */; };
		A1000009232323230001 /* OverlayWindowController.swift in Sources */ = {isa = PBXBuildFile; fileRef = A100000A232323230001 /* OverlayWindowController.swift */; };
		A100000B232323230001 /* Settings.swift in Sources */ = {isa = PBXBuildFile; fileRef = A100000C232323230001 /* Settings.swift */; };
		A100000D232323230001 /* MenuBarView.swift in Sources */ = {isa = PBXBuildFile; fileRef = A100000E232323230001 /* MenuBarView.swift */; };
		A100000F232323230001 /* SettingsView.swift in Sources */ = {isa = PBXBuildFile; fileRef = A1000010232323230001 /* SettingsView.swift */; };
		A1000011232323230001 /* Assets.xcassets in Resources */ = {isa = PBXBuildFile; fileRef = A1000012232323230001 /* Assets.xcassets */; };
		A1000015232323230001 /* HotkeyManager.swift in Sources */ = {isa = PBXBuildFile; fileRef = A1000016232323230001 /* HotkeyManager.swift */; };
		A1000017232323230001 /* DesktopObserver.swift in Sources */ = {isa = PBXBuildFile; fileRef = A1000018232323230001 /* DesktopObserver.swift */; };
		A1000019232323230001 /* AppIntents.swift in Sources */ = {isa = PBXBuildFile; fileRef = A100001A232323230001 /* AppIntents.swift */; };
/* End PBXBuildFile section */

/* Begin PBXFileReference section */
		A1000000232323230001 /* EsDimKid.app */ = {isa = PBXFileReference; explicitFileType = wrapper.application; includeInIndex = 0; path = EsDimKid.app; sourceTree = BUILT_PRODUCTS_DIR; };
		A1000002232323230001 /* EsDimKidApp.swift */ = {isa = PBXFileReference; lastKnownFileType = sourcecode.swift; path = EsDimKidApp.swift; sourceTree = "<group>"; };
		A1000004232323230001 /* AppDelegate.swift */ = {isa = PBXFileReference; lastKnownFileType = sourcecode.swift; path = AppDelegate.swift; sourceTree = "<group>"; };
		A1000006232323230001 /* DimmingManager.swift */ = {isa = PBXFileReference; lastKnownFileType = sourcecode.swift; path = DimmingManager.swift; sourceTree = "<group>"; };
		A1000008232323230001 /* WindowObserver.swift */ = {isa = PBXFileReference; lastKnownFileType = sourcecode.swift; path = WindowObserver.swift; sourceTree = "<group>"; };
		A100000A232323230001 /* OverlayWindowController.swift */ = {isa = PBXFileReference; lastKnownFileType = sourcecode.swift; path = OverlayWindowController.swift; sourceTree = "<group>"; };
		A100000C232323230001 /* Settings.swift */ = {isa = PBXFileReference; lastKnownFileType = sourcecode.swift; path = Settings.swift; sourceTree = "<group>"; };
		A100000E232323230001 /* MenuBarView.swift */ = {isa = PBXFileReference; lastKnownFileType = sourcecode.swift; path = MenuBarView.swift; sourceTree = "<group>"; };
		A1000010232323230001 /* SettingsView.swift */ = {isa = PBXFileReference; lastKnownFileType = sourcecode.swift; path = SettingsView.swift; sourceTree = "<group>"; };
		A1000012232323230001 /* Assets.xcassets */ = {isa = PBXFileReference; lastKnownFileType = folder.assetcatalog; path = Assets.xcassets; sourceTree = "<group>"; };
		A1000013232323230001 /* Info.plist */ = {isa = PBXFileReference; lastKnownFileType = text.plist.xml; path = Info.plist; sourceTree = "<group>"; };
		A1000014232323230001 /* EsDimKid.entitlements */ = {isa = PBXFileReference; lastKnownFileType = text.plist.entitlements; path = EsDimKid.entitlements; sourceTree = "<group>"; };
		A1000016232323230001 /* HotkeyManager.swift */ = {isa = PBXFileReference; lastKnownFileType = sourcecode.swift; path = HotkeyManager.swift; sourceTree = "<group>"; };
		A1000018232323230001 /* DesktopObserver.swift */ = {isa = PBXFileReference; lastKnownFileType = sourcecode.swift; path = DesktopObserver.swift; sourceTree = "<group>"; };
		A100001A232323230001 /* AppIntents.swift */ = {isa = PBXFileReference; lastKnownFileType = sourcecode.swift; path = AppIntents.swift; sourceTree = "<group>"; };
/* End PBXFileReference section */

/* Begin PBXFrameworksBuildPhase section */
		A1000020232323230001 /* Frameworks */ = {
			isa = PBXFrameworksBuildPhase;
			buildActionMask = 2147483647;
			files = (
			);
			runOnlyForDeploymentPostprocessing = 0;
		};
/* End PBXFrameworksBuildPhase section */

/* Begin PBXGroup section */
		A1000030232323230001 = {
			isa = PBXGroup;
			children = (
				A1000031232323230001 /* EsDimKid */,
				A1000032232323230001 /* Products */,
			);
			sourceTree = "<group>";
		};
		A1000031232323230001 /* EsDimKid */ = {
			isa = PBXGroup;
			children = (
				A1000033232323230001 /* App */,
				A1000034232323230001 /* Views */,
				A1000035232323230001 /* Managers */,
				A1000036232323230001 /* Models */,
				A1000037232323230001 /* Resources */,
				A1000013232323230001 /* Info.plist */,
				A1000014232323230001 /* EsDimKid.entitlements */,
			);
			path = EsDimKid;
			sourceTree = "<group>";
		};
		A1000032232323230001 /* Products */ = {
			isa = PBXGroup;
			children = (
				A1000000232323230001 /* EsDimKid.app */,
			);
			name = Products;
			sourceTree = "<group>";
		};
		A1000033232323230001 /* App */ = {
			isa = PBXGroup;
			children = (
				A1000002232323230001 /* EsDimKidApp.swift */,
				A1000004232323230001 /* AppDelegate.swift */,
				A100001A232323230001 /* AppIntents.swift */,
			);
			path = App;
			sourceTree = "<group>";
		};
		A1000034232323230001 /* Views */ = {
			isa = PBXGroup;
			children = (
				A100000E232323230001 /* MenuBarView.swift */,
				A1000010232323230001 /* SettingsView.swift */,
			);
			path = Views;
			sourceTree = "<group>";
		};
		A1000035232323230001 /* Managers */ = {
			isa = PBXGroup;
			children = (
				A1000006232323230001 /* DimmingManager.swift */,
				A1000008232323230001 /* WindowObserver.swift */,
				A100000A232323230001 /* OverlayWindowController.swift */,
				A1000016232323230001 /* HotkeyManager.swift */,
				A1000018232323230001 /* DesktopObserver.swift */,
			);
			path = Managers;
			sourceTree = "<group>";
		};
		A1000036232323230001 /* Models */ = {
			isa = PBXGroup;
			children = (
				A100000C232323230001 /* Settings.swift */,
			);
			path = Models;
			sourceTree = "<group>";
		};
		A1000037232323230001 /* Resources */ = {
			isa = PBXGroup;
			children = (
				A1000012232323230001 /* Assets.xcassets */,
			);
			path = Resources;
			sourceTree = "<group>";
		};
/* End PBXGroup section */

/* Begin PBXNativeTarget section */
		A1000040232323230001 /* EsDimKid */ = {
			isa = PBXNativeTarget;
			buildConfigurationList = A1000050232323230001 /* Build configuration list for PBXNativeTarget "EsDimKid" */;
			buildPhases = (
				A1000041232323230001 /* Sources */,
				A1000020232323230001 /* Frameworks */,
				A1000042232323230001 /* Resources */,
			);
			buildRules = (
			);
			dependencies = (
			);
			name = EsDimKid;
			productName = EsDimKid;
			productReference = A1000000232323230001 /* EsDimKid.app */;
			productType = "com.apple.product-type.application";
		};
/* End PBXNativeTarget section */

/* Begin PBXProject section */
		A1000060232323230001 /* Project object */ = {
			isa = PBXProject;
			attributes = {
				BuildIndependentTargetsInParallel = 1;
				LastSwiftUpdateCheck = 1500;
				LastUpgradeCheck = 1500;
				TargetAttributes = {
					A1000040232323230001 = {
						CreatedOnToolsVersion = 15.0;
					};
				};
			};
			buildConfigurationList = A1000061232323230001 /* Build configuration list for PBXProject "EsDimKid" */;
			compatibilityVersion = "Xcode 14.0";
			developmentRegion = en;
			hasScannedForEncodings = 0;
			knownRegions = (
				en,
				Base,
			);
			mainGroup = A1000030232323230001;
			productRefGroup = A1000032232323230001 /* Products */;
			projectDirPath = "";
			projectRoot = "";
			targets = (
				A1000040232323230001 /* EsDimKid */,
			);
		};
/* End PBXProject section */

/* Begin PBXResourcesBuildPhase section */
		A1000042232323230001 /* Resources */ = {
			isa = PBXResourcesBuildPhase;
			buildActionMask = 2147483647;
			files = (
				A1000011232323230001 /* Assets.xcassets in Resources */,
			);
			runOnlyForDeploymentPostprocessing = 0;
		};
/* End PBXResourcesBuildPhase section */

/* Begin PBXSourcesBuildPhase section */
		A1000041232323230001 /* Sources */ = {
			isa = PBXSourcesBuildPhase;
			buildActionMask = 2147483647;
			files = (
				A1000001232323230001 /* EsDimKidApp.swift in Sources */,
				A1000003232323230001 /* AppDelegate.swift in Sources */,
				A1000005232323230001 /* DimmingManager.swift in Sources */,
				A1000007232323230001 /* WindowObserver.swift in Sources */,
				A1000009232323230001 /* OverlayWindowController.swift in Sources */,
				A100000B232323230001 /* Settings.swift in Sources */,
				A100000D232323230001 /* MenuBarView.swift in Sources */,
				A100000F232323230001 /* SettingsView.swift in Sources */,
				A1000015232323230001 /* HotkeyManager.swift in Sources */,
				A1000017232323230001 /* DesktopObserver.swift in Sources */,
				A1000019232323230001 /* AppIntents.swift in Sources */,
			);
			runOnlyForDeploymentPostprocessing = 0;
		};
/* End PBXSourcesBuildPhase section */

/* Begin XCBuildConfiguration section */
		A1000070232323230001 /* Debug */ = {
			isa = XCBuildConfiguration;
			buildSettings = {
				ALWAYS_SEARCH_USER_PATHS = NO;
				ASSETCATALOG_COMPILER_GENERATE_SWIFT_ASSET_SYMBOL_EXTENSIONS = YES;
				CLANG_ANALYZER_NONNULL = YES;
				CLANG_ANALYZER_NUMBER_OBJECT_CONVERSION = YES_AGGRESSIVE;
				CLANG_CXX_LANGUAGE_STANDARD = "gnu++20";
				CLANG_ENABLE_MODULES = YES;
				CLANG_ENABLE_OBJC_ARC = YES;
				CLANG_ENABLE_OBJC_WEAK = YES;
				CLANG_WARN_BLOCK_CAPTURE_AUTORELEASING = YES;
				CLANG_WARN_BOOL_CONVERSION = YES;
				CLANG_WARN_COMMA = YES;
				CLANG_WARN_CONSTANT_CONVERSION = YES;
				CLANG_WARN_DEPRECATED_OBJC_IMPLEMENTATIONS = YES;
				CLANG_WARN_DIRECT_OBJC_ISA_USAGE = YES_ERROR;
				CLANG_WARN_DOCUMENTATION_COMMENTS = YES;
				CLANG_WARN_EMPTY_BODY = YES;
				CLANG_WARN_ENUM_CONVERSION = YES;
				CLANG_WARN_INFINITE_RECURSION = YES;
				CLANG_WARN_INT_CONVERSION = YES;
				CLANG_WARN_NON_LITERAL_NULL_CONVERSION = YES;
				CLANG_WARN_OBJC_IMPLICIT_RETAIN_SELF = YES;
				CLANG_WARN_OBJC_LITERAL_CONVERSION = YES;
				CLANG_WARN_OBJC_ROOT_CLASS = YES_ERROR;
				CLANG_WARN_QUOTED_INCLUDE_IN_FRAMEWORK_HEADER = YES;
				CLANG_WARN_RANGE_LOOP_ANALYSIS = YES;
				CLANG_WARN_STRICT_PROTOTYPES = YES;
				CLANG_WARN_SUSPICIOUS_MOVE = YES;
				CLANG_WARN_UNGUARDED_AVAILABILITY = YES_AGGRESSIVE;
				CLANG_WARN_UNREACHABLE_CODE = YES;
				CLANG_WARN__DUPLICATE_METHOD_MATCH = YES;
				COPY_PHASE_STRIP = NO;
				DEBUG_INFORMATION_FORMAT = dwarf;
				ENABLE_STRICT_OBJC_MSGSEND = YES;
				ENABLE_TESTABILITY = YES;
				ENABLE_USER_SCRIPT_SANDBOXING = YES;
				GCC_C_LANGUAGE_STANDARD = gnu17;
				GCC_DYNAMIC_NO_PIC = NO;
				GCC_NO_COMMON_BLOCKS = YES;
				GCC_OPTIMIZATION_LEVEL = 0;
				GCC_PREPROCESSOR_DEFINITIONS = (
					"DEBUG=1",
					"$(inherited)",
				);
				GCC_WARN_64_TO_32_BIT_CONVERSION = YES;
				GCC_WARN_ABOUT_RETURN_TYPE = YES_ERROR;
				GCC_WARN_UNDECLARED_SELECTOR = YES;
				GCC_WARN_UNINITIALIZED_AUTOS = YES_AGGRESSIVE;
				GCC_WARN_UNUSED_FUNCTION = YES;
				GCC_WARN_UNUSED_VARIABLE = YES;
				LOCALIZATION_PREFERS_STRING_CATALOGS = YES;
				MACOSX_DEPLOYMENT_TARGET = 14.0;
				MTL_ENABLE_DEBUG_INFO = INCLUDE_SOURCE;
				MTL_FAST_MATH = YES;
				ONLY_ACTIVE_ARCH = YES;
				SDKROOT = macosx;
				SWIFT_ACTIVE_COMPILATION_CONDITIONS = "DEBUG $(inherited)";
				SWIFT_OPTIMIZATION_LEVEL = "-Onone";
			};
			name = Debug;
		};
		A1000071232323230001 /* Release */ = {
			isa = XCBuildConfiguration;
			buildSettings = {
				ALWAYS_SEARCH_USER_PATHS = NO;
				ASSETCATALOG_COMPILER_GENERATE_SWIFT_ASSET_SYMBOL_EXTENSIONS = YES;
				CLANG_ANALYZER_NONNULL = YES;
				CLANG_ANALYZER_NUMBER_OBJECT_CONVERSION = YES_AGGRESSIVE;
				CLANG_CXX_LANGUAGE_STANDARD = "gnu++20";
				CLANG_ENABLE_MODULES = YES;
				CLANG_ENABLE_OBJC_ARC = YES;
				CLANG_ENABLE_OBJC_WEAK = YES;
				CLANG_WARN_BLOCK_CAPTURE_AUTORELEASING = YES;
				CLANG_WARN_BOOL_CONVERSION = YES;
				CLANG_WARN_COMMA = YES;
				CLANG_WARN_CONSTANT_CONVERSION = YES;
				CLANG_WARN_DEPRECATED_OBJC_IMPLEMENTATIONS = YES;
				CLANG_WARN_DIRECT_OBJC_ISA_USAGE = YES_ERROR;
				CLANG_WARN_DOCUMENTATION_COMMENTS = YES;
				CLANG_WARN_EMPTY_BODY = YES;
				CLANG_WARN_ENUM_CONVERSION = YES;
				CLANG_WARN_INFINITE_RECURSION = YES;
				CLANG_WARN_INT_CONVERSION = YES;
				CLANG_WARN_NON_LITERAL_NULL_CONVERSION = YES;
				CLANG_WARN_OBJC_IMPLICIT_RETAIN_SELF = YES;
				CLANG_WARN_OBJC_LITERAL_CONVERSION = YES;
				CLANG_WARN_OBJC_ROOT_CLASS = YES_ERROR;
				CLANG_WARN_QUOTED_INCLUDE_IN_FRAMEWORK_HEADER = YES;
				CLANG_WARN_RANGE_LOOP_ANALYSIS = YES;
				CLANG_WARN_STRICT_PROTOTYPES = YES;
				CLANG_WARN_SUSPICIOUS_MOVE = YES;
				CLANG_WARN_UNGUARDED_AVAILABILITY = YES_AGGRESSIVE;
				CLANG_WARN_UNREACHABLE_CODE = YES;
				CLANG_WARN__DUPLICATE_METHOD_MATCH = YES;
				COPY_PHASE_STRIP = NO;
				DEBUG_INFORMATION_FORMAT = "dwarf-with-dsym";
				ENABLE_NS_ASSERTIONS = NO;
				ENABLE_STRICT_OBJC_MSGSEND = YES;
				ENABLE_USER_SCRIPT_SANDBOXING = YES;
				GCC_C_LANGUAGE_STANDARD = gnu17;
				GCC_NO_COMMON_BLOCKS = YES;
				GCC_WARN_64_TO_32_BIT_CONVERSION = YES;
				GCC_WARN_ABOUT_RETURN_TYPE = YES_ERROR;
				GCC_WARN_UNDECLARED_SELECTOR = YES;
				GCC_WARN_UNINITIALIZED_AUTOS = YES_AGGRESSIVE;
				GCC_WARN_UNUSED_FUNCTION = YES;
				GCC_WARN_UNUSED_VARIABLE = YES;
				LOCALIZATION_PREFERS_STRING_CATALOGS = YES;
				MACOSX_DEPLOYMENT_TARGET = 14.0;
				MTL_ENABLE_DEBUG_INFO = NO;
				MTL_FAST_MATH = YES;
				SDKROOT = macosx;
				SWIFT_COMPILATION_MODE = wholemodule;
			};
			name = Release;
		};
		A1000072232323230001 /* Debug */ = {
			isa = XCBuildConfiguration;
			buildSettings = {
				ASSETCATALOG_COMPILER_APPICON_NAME = AppIcon;
				ASSETCATALOG_COMPILER_GLOBAL_ACCENT_COLOR_NAME = AccentColor;
				CODE_SIGN_ENTITLEMENTS = EsDimKid/EsDimKid.entitlements;
				CODE_SIGN_STYLE = Automatic;
				COMBINE_HIDPI_IMAGES = YES;
				CURRENT_PROJECT_VERSION = 1;
				DEVELOPMENT_TEAM = "";
				ENABLE_HARDENED_RUNTIME = YES;
				GENERATE_INFOPLIST_FILE = NO;
				INFOPLIST_FILE = EsDimKid/Info.plist;
				INFOPLIST_KEY_LSApplicationCategoryType = "public.app-category.utilities";
				INFOPLIST_KEY_NSHumanReadableCopyright = "";
				LD_RUNPATH_SEARCH_PATHS = (
					"$(inherited)",
					"@executable_path/../Frameworks",
				);
				MARKETING_VERSION = 1.0;
				PRODUCT_BUNDLE_IDENTIFIER = com.esdimkid.app;
				PRODUCT_NAME = "$(TARGET_NAME)";
				SWIFT_EMIT_LOC_STRINGS = YES;
				SWIFT_VERSION = 5.0;
			};
			name = Debug;
		};
		A1000073232323230001 /* Release */ = {
			isa = XCBuildConfiguration;
			buildSettings = {
				ASSETCATALOG_COMPILER_APPICON_NAME = AppIcon;
				ASSETCATALOG_COMPILER_GLOBAL_ACCENT_COLOR_NAME = AccentColor;
				CODE_SIGN_ENTITLEMENTS = EsDimKid/EsDimKid.entitlements;
				CODE_SIGN_STYLE = Automatic;
				COMBINE_HIDPI_IMAGES = YES;
				CURRENT_PROJECT_VERSION = 1;
				DEVELOPMENT_TEAM = "";
				ENABLE_HARDENED_RUNTIME = YES;
				GENERATE_INFOPLIST_FILE = NO;
				INFOPLIST_FILE = EsDimKid/Info.plist;
				INFOPLIST_KEY_LSApplicationCategoryType = "public.app-category.utilities";
				INFOPLIST_KEY_NSHumanReadableCopyright = "";
				LD_RUNPATH_SEARCH_PATHS = (
					"$(inherited)",
					"@executable_path/../Frameworks",
				);
				MARKETING_VERSION = 1.0;
				PRODUCT_BUNDLE_IDENTIFIER = com.esdimkid.app;
				PRODUCT_NAME = "$(TARGET_NAME)";
				SWIFT_EMIT_LOC_STRINGS = YES;
				SWIFT_VERSION = 5.0;
			};
			name = Release;
		};
/* End XCBuildConfiguration section */

/* Begin XCConfigurationList section */
		A1000050232323230001 /* Build configuration list for PBXNativeTarget "EsDimKid" */ = {
			isa = XCConfigurationList;
			buildConfigurations = (
				A1000072232323230001 /* Debug */,
				A1000073232323230001 /* Release */,
			);
			defaultConfigurationIsVisible = 0;
			defaultConfigurationName = Release;
		};
		A1000061232323230001 /* Build configuration list for PBXProject "EsDimKid" */ = {
			isa = XCConfigurationList;
			buildConfigurations = (
				A1000070232323230001 /* Debug */,
				A1000071232323230001 /* Release */,
			);
			defaultConfigurationIsVisible = 0;
			defaultConfigurationName = Release;
		};
/* End XCConfigurationList section */
	};
	rootObject = A1000060232323230001 /* Project object */;
}
